PODS:
  - Realm (1.1.0):
    - Realm/Headers (= 1.1.0)
  - Realm/Headers (1.1.0)
  - RealmSwift (1.1.0):
    - Realm (= 1.1.0)
  - ResearchKit (1.3.1)
  - RxSwift (3.0.0-beta.1)
  - RxTests (3.0.0-beta.1):
    - RxSwift (~> 3.0.0-beta.1)

DEPENDENCIES:
  - RealmSwift (~> 1.1.0)
  - ResearchKit (~> 1.3.1)
  - RxSwift (= 3.0.0-beta.1)
  - RxTests (~> 3.0.0-beta.1)

SPEC CHECKSUMS:
  Realm: ceecf1a4540c4ce9efe196fe73fa9855bce05bd8
  RealmSwift: 838058b2db95b12cb86bd0cf209df642c33fb60a
  ResearchKit: badba0340dd71d1cbab4789a0bf01b26022b8f94
  RxSwift: 0823e8d7969c23bfa9ddfb2afa4881e424a1a710
  RxTests: 819cbca750007349f03cfdb89bc07d412f67ab96

PODFILE CHECKSUM: fec8fef86dbf80a237bf528467488c707ae6e48f

COCOAPODS: 1.0.1
