// !$*UTF8*$!
{
	archiveVersion = 1;
	classes = {
	};
	objectVersion = 46;
	objects = {

/* Begin PBXBuildFile section */
		1A1032671DA120F9008963DB /* Navigator.swift in Sources */ = {isa = PBXBuildFile; fileRef = 1A1032661DA120F9008963DB /* Navigator.swift */; };
		1A1032691DA146E2008963DB /* SharedServices.swift in Sources */ = {isa = PBXBuildFile; fileRef = 1A1032681DA146E2008963DB /* SharedServices.swift */; };
		1A1032801DA178A5008963DB /* FormActionListener.swift in Sources */ = {isa = PBXBuildFile; fileRef = 1A1032771DA178A5008963DB /* FormActionListener.swift */; };
		1A1032811DA178A5008963DB /* FormDatabase.swift in Sources */ = {isa = PBXBuildFile; fileRef = 1A1032781DA178A5008963DB /* FormDatabase.swift */; };
		1A1032821DA178A5008963DB /* FormDisplayer.swift in Sources */ = {isa = PBXBuildFile; fileRef = 1A1032791DA178A5008963DB /* FormDisplayer.swift */; };
		1A1032831DA178A5008963DB /* FormPresenter.swift in Sources */ = {isa = PBXBuildFile; fileRef = 1A10327A1DA178A5008963DB /* FormPresenter.swift */; };
		1A1032841DA178A5008963DB /* FormService.swift in Sources */ = {isa = PBXBuildFile; fileRef = 1A10327B1DA178A5008963DB /* FormService.swift */; };
		1A1032851DA178A5008963DB /* Form.swift in Sources */ = {isa = PBXBuildFile; fileRef = 1A10327D1DA178A5008963DB /* Form.swift */; };
		1A1032861DA178A5008963DB /* Item.swift in Sources */ = {isa = PBXBuildFile; fileRef = 1A10327E1DA178A5008963DB /* Item.swift */; };
		1A1032871DA178A5008963DB /* Step.swift in Sources */ = {isa = PBXBuildFile; fileRef = 1A10327F1DA178A5008963DB /* Step.swift */; };
		1A10328B1DA178BF008963DB /* RecordEntry.swift in Sources */ = {isa = PBXBuildFile; fileRef = 1A1032891DA178BF008963DB /* RecordEntry.swift */; };
		1A10328C1DA178BF008963DB /* RecordResponse.swift in Sources */ = {isa = PBXBuildFile; fileRef = 1A10328A1DA178BF008963DB /* RecordResponse.swift */; };
		1A1032951DA17904008963DB /* LocalFormService.swift in Sources */ = {isa = PBXBuildFile; fileRef = 1A10328E1DA17904008963DB /* LocalFormService.swift */; };
		1A1032961DA17904008963DB /* ResearchKitFormLayoutGenerator.swift in Sources */ = {isa = PBXBuildFile; fileRef = 1A10328F1DA17904008963DB /* ResearchKitFormLayoutGenerator.swift */; };
		1A1032971DA17904008963DB /* HomeView.swift in Sources */ = {isa = PBXBuildFile; fileRef = 1A1032911DA17904008963DB /* HomeView.swift */; };
		1A1032981DA17904008963DB /* HomeViewController.swift in Sources */ = {isa = PBXBuildFile; fileRef = 1A1032921DA17904008963DB /* HomeViewController.swift */; };
		1A1032991DA17904008963DB /* AppNavigator.swift in Sources */ = {isa = PBXBuildFile; fileRef = 1A1032941DA17904008963DB /* AppNavigator.swift */; };
		1A10329F1DA1792D008963DB /* FormTests.swift in Sources */ = {isa = PBXBuildFile; fileRef = 1A10329B1DA1792D008963DB /* FormTests.swift */; };
		1A1032A01DA1792D008963DB /* ItemTests.swift in Sources */ = {isa = PBXBuildFile; fileRef = 1A10329C1DA1792D008963DB /* ItemTests.swift */; };
		1A1032A11DA1792D008963DB /* StepTests.swift in Sources */ = {isa = PBXBuildFile; fileRef = 1A10329D1DA1792D008963DB /* StepTests.swift */; };
		1A1032A21DA1792D008963DB /* ThoughtRecordTests.swift in Sources */ = {isa = PBXBuildFile; fileRef = 1A10329E1DA1792D008963DB /* ThoughtRecordTests.swift */; };
		1A1032A41DA18149008963DB /* RecordToORKConverters.swift in Sources */ = {isa = PBXBuildFile; fileRef = 1A1032A31DA18149008963DB /* RecordToORKConverters.swift */; };
		1A1032AA1DA181DB008963DB /* ORKFormItemTests.swift in Sources */ = {isa = PBXBuildFile; fileRef = 1A1032A91DA181DB008963DB /* ORKFormItemTests.swift */; };
		1A1032AC1DA19E9E008963DB /* ORKFormStepTests.swift in Sources */ = {isa = PBXBuildFile; fileRef = 1A1032AB1DA19E9E008963DB /* ORKFormStepTests.swift */; };
		1A1032AE1DA387BE008963DB /* ORKFormTaskTests.swift in Sources */ = {isa = PBXBuildFile; fileRef = 1A1032AD1DA387BE008963DB /* ORKFormTaskTests.swift */; };
		1A2C22F61D9689D90051E9F6 /* ConvenienceStuff.swift in Sources */ = {isa = PBXBuildFile; fileRef = 1A2C22F51D9689D90051E9F6 /* ConvenienceStuff.swift */; };
		1A2C22FA1D969A9E0051E9F6 /* thought-record.json in Resources */ = {isa = PBXBuildFile; fileRef = 1A2C22F91D969A9E0051E9F6 /* thought-record.json */; };
		1A2C22FB1D969EF80051E9F6 /* thought-record.json in Resources */ = {isa = PBXBuildFile; fileRef = 1A2C22F91D969A9E0051E9F6 /* thought-record.json */; };
		1A6862031D8DC16E00FC9E3A /* Assets.xcassets in Resources */ = {isa = PBXBuildFile; fileRef = 1A6861FD1D8DC16E00FC9E3A /* Assets.xcassets */; };
		1A6862041D8DC16E00FC9E3A /* AppDelegate.swift in Sources */ = {isa = PBXBuildFile; fileRef = 1A6861FF1D8DC16E00FC9E3A /* AppDelegate.swift */; };
		1A6862051D8DC16E00FC9E3A /* LaunchScreen.storyboard in Resources */ = {isa = PBXBuildFile; fileRef = 1A6862001D8DC16E00FC9E3A /* LaunchScreen.storyboard */; };
		1A6862061D8DC16E00FC9E3A /* Info.plist in Resources */ = {isa = PBXBuildFile; fileRef = 1A6862021D8DC16E00FC9E3A /* Info.plist */; };
		1A9110D51DAABB9D004B35F7 /* RecordDatabase.swift in Sources */ = {isa = PBXBuildFile; fileRef = 1A9110D41DAABB9D004B35F7 /* RecordDatabase.swift */; };
		34E8635FEA3F1BA4891C919F /* Pods_MindsetTests.framework in Frameworks */ = {isa = PBXBuildFile; fileRef = 6826EAF2163B8AE7838AA650 /* Pods_MindsetTests.framework */; };
		C70681F80D88FC1E8B70FAA9 /* Pods_Mindset.framework in Frameworks */ = {isa = PBXBuildFile; fileRef = F5BD14FB242A8A704C4D4A32 /* Pods_Mindset.framework */; };
/* End PBXBuildFile section */

/* Begin PBXContainerItemProxy section */
		1A6861E91D8DBFF800FC9E3A /* PBXContainerItemProxy */ = {
			isa = PBXContainerItemProxy;
			containerPortal = 1A6861CC1D8DBFF800FC9E3A /* Project object */;
			proxyType = 1;
			remoteGlobalIDString = 1A6861D31D8DBFF800FC9E3A;
			remoteInfo = Mindset;
		};
/* End PBXContainerItemProxy section */

/* Begin PBXFileReference section */
		141C0915227EA9A01C2F1BD1 /* Pods-MindsetTests.release.xcconfig */ = {isa = PBXFileReference; includeInIndex = 1; lastKnownFileType = text.xcconfig; name = "Pods-MindsetTests.release.xcconfig"; path = "Pods/Target Support Files/Pods-MindsetTests/Pods-MindsetTests.release.xcconfig"; sourceTree = "<group>"; };
		1A1032661DA120F9008963DB /* Navigator.swift */ = {isa = PBXFileReference; fileEncoding = 4; lastKnownFileType = sourcecode.swift; path = Navigator.swift; sourceTree = "<group>"; };
		1A1032681DA146E2008963DB /* SharedServices.swift */ = {isa = PBXFileReference; fileEncoding = 4; lastKnownFileType = sourcecode.swift; path = SharedServices.swift; sourceTree = "<group>"; };
		1A1032771DA178A5008963DB /* FormActionListener.swift */ = {isa = PBXFileReference; fileEncoding = 4; lastKnownFileType = sourcecode.swift; path = FormActionListener.swift; sourceTree = "<group>"; };
		1A1032781DA178A5008963DB /* FormDatabase.swift */ = {isa = PBXFileReference; fileEncoding = 4; lastKnownFileType = sourcecode.swift; path = FormDatabase.swift; sourceTree = "<group>"; };
		1A1032791DA178A5008963DB /* FormDisplayer.swift */ = {isa = PBXFileReference; fileEncoding = 4; lastKnownFileType = sourcecode.swift; path = FormDisplayer.swift; sourceTree = "<group>"; };
		1A10327A1DA178A5008963DB /* FormPresenter.swift */ = {isa = PBXFileReference; fileEncoding = 4; lastKnownFileType = sourcecode.swift; path = FormPresenter.swift; sourceTree = "<group>"; };
		1A10327B1DA178A5008963DB /* FormService.swift */ = {isa = PBXFileReference; fileEncoding = 4; lastKnownFileType = sourcecode.swift; path = FormService.swift; sourceTree = "<group>"; };
		1A10327D1DA178A5008963DB /* Form.swift */ = {isa = PBXFileReference; fileEncoding = 4; lastKnownFileType = sourcecode.swift; path = Form.swift; sourceTree = "<group>"; };
		1A10327E1DA178A5008963DB /* Item.swift */ = {isa = PBXFileReference; fileEncoding = 4; lastKnownFileType = sourcecode.swift; path = Item.swift; sourceTree = "<group>"; };
		1A10327F1DA178A5008963DB /* Step.swift */ = {isa = PBXFileReference; fileEncoding = 4; lastKnownFileType = sourcecode.swift; path = Step.swift; sourceTree = "<group>"; };
		1A1032891DA178BF008963DB /* RecordEntry.swift */ = {isa = PBXFileReference; fileEncoding = 4; lastKnownFileType = sourcecode.swift; path = RecordEntry.swift; sourceTree = "<group>"; };
		1A10328A1DA178BF008963DB /* RecordResponse.swift */ = {isa = PBXFileReference; fileEncoding = 4; lastKnownFileType = sourcecode.swift; path = RecordResponse.swift; sourceTree = "<group>"; };
		1A10328E1DA17904008963DB /* LocalFormService.swift */ = {isa = PBXFileReference; fileEncoding = 4; lastKnownFileType = sourcecode.swift; path = LocalFormService.swift; sourceTree = "<group>"; };
		1A10328F1DA17904008963DB /* ResearchKitFormLayoutGenerator.swift */ = {isa = PBXFileReference; fileEncoding = 4; lastKnownFileType = sourcecode.swift; path = ResearchKitFormLayoutGenerator.swift; sourceTree = "<group>"; };
		1A1032911DA17904008963DB /* HomeView.swift */ = {isa = PBXFileReference; fileEncoding = 4; lastKnownFileType = sourcecode.swift; path = HomeView.swift; sourceTree = "<group>"; };
		1A1032921DA17904008963DB /* HomeViewController.swift */ = {isa = PBXFileReference; fileEncoding = 4; lastKnownFileType = sourcecode.swift; path = HomeViewController.swift; sourceTree = "<group>"; };
		1A1032941DA17904008963DB /* AppNavigator.swift */ = {isa = PBXFileReference; fileEncoding = 4; lastKnownFileType = sourcecode.swift; path = AppNavigator.swift; sourceTree = "<group>"; };
		1A10329B1DA1792D008963DB /* FormTests.swift */ = {isa = PBXFileReference; fileEncoding = 4; lastKnownFileType = sourcecode.swift; path = FormTests.swift; sourceTree = "<group>"; };
		1A10329C1DA1792D008963DB /* ItemTests.swift */ = {isa = PBXFileReference; fileEncoding = 4; lastKnownFileType = sourcecode.swift; path = ItemTests.swift; sourceTree = "<group>"; };
		1A10329D1DA1792D008963DB /* StepTests.swift */ = {isa = PBXFileReference; fileEncoding = 4; lastKnownFileType = sourcecode.swift; path = StepTests.swift; sourceTree = "<group>"; };
		1A10329E1DA1792D008963DB /* ThoughtRecordTests.swift */ = {isa = PBXFileReference; fileEncoding = 4; lastKnownFileType = sourcecode.swift; path = ThoughtRecordTests.swift; sourceTree = "<group>"; };
		1A1032A31DA18149008963DB /* RecordToORKConverters.swift */ = {isa = PBXFileReference; fileEncoding = 4; lastKnownFileType = sourcecode.swift; path = RecordToORKConverters.swift; sourceTree = "<group>"; };
		1A1032A91DA181DB008963DB /* ORKFormItemTests.swift */ = {isa = PBXFileReference; fileEncoding = 4; lastKnownFileType = sourcecode.swift; name = ORKFormItemTests.swift; path = ORKConverters/ORKFormItemTests.swift; sourceTree = "<group>"; };
		1A1032AB1DA19E9E008963DB /* ORKFormStepTests.swift */ = {isa = PBXFileReference; fileEncoding = 4; lastKnownFileType = sourcecode.swift; name = ORKFormStepTests.swift; path = ORKConverters/ORKFormStepTests.swift; sourceTree = "<group>"; };
		1A1032AD1DA387BE008963DB /* ORKFormTaskTests.swift */ = {isa = PBXFileReference; fileEncoding = 4; lastKnownFileType = sourcecode.swift; name = ORKFormTaskTests.swift; path = ORKConverters/ORKFormTaskTests.swift; sourceTree = "<group>"; };
		1A2C22F51D9689D90051E9F6 /* ConvenienceStuff.swift */ = {isa = PBXFileReference; fileEncoding = 4; lastKnownFileType = sourcecode.swift; path = ConvenienceStuff.swift; sourceTree = "<group>"; };
		1A2C22F91D969A9E0051E9F6 /* thought-record.json */ = {isa = PBXFileReference; fileEncoding = 4; lastKnownFileType = text.json; path = "thought-record.json"; sourceTree = "<group>"; };
		1A6861D41D8DBFF800FC9E3A /* Mindset.app */ = {isa = PBXFileReference; explicitFileType = wrapper.application; includeInIndex = 0; path = Mindset.app; sourceTree = BUILT_PRODUCTS_DIR; };
		1A6861E81D8DBFF800FC9E3A /* MindsetTests.xctest */ = {isa = PBXFileReference; explicitFileType = wrapper.cfbundle; includeInIndex = 0; path = MindsetTests.xctest; sourceTree = BUILT_PRODUCTS_DIR; };
		1A6861EE1D8DBFF800FC9E3A /* Info.plist */ = {isa = PBXFileReference; lastKnownFileType = text.plist.xml; path = Info.plist; sourceTree = "<group>"; };
		1A6861FD1D8DC16E00FC9E3A /* Assets.xcassets */ = {isa = PBXFileReference; lastKnownFileType = folder.assetcatalog; path = Assets.xcassets; sourceTree = "<group>"; };
		1A6861FF1D8DC16E00FC9E3A /* AppDelegate.swift */ = {isa = PBXFileReference; fileEncoding = 4; lastKnownFileType = sourcecode.swift; path = AppDelegate.swift; sourceTree = "<group>"; };
		1A6862011D8DC16E00FC9E3A /* Base */ = {isa = PBXFileReference; lastKnownFileType = file.storyboard; name = Base; path = Base.lproj/LaunchScreen.storyboard; sourceTree = "<group>"; };
		1A6862021D8DC16E00FC9E3A /* Info.plist */ = {isa = PBXFileReference; fileEncoding = 4; lastKnownFileType = text.plist.xml; path = Info.plist; sourceTree = "<group>"; };
		1A9110D41DAABB9D004B35F7 /* RecordDatabase.swift */ = {isa = PBXFileReference; fileEncoding = 4; lastKnownFileType = sourcecode.swift; path = RecordDatabase.swift; sourceTree = "<group>"; };
		519BFAD084CC7D56668B0243 /* Pods-Mindset.release.xcconfig */ = {isa = PBXFileReference; includeInIndex = 1; lastKnownFileType = text.xcconfig; name = "Pods-Mindset.release.xcconfig"; path = "Pods/Target Support Files/Pods-Mindset/Pods-Mindset.release.xcconfig"; sourceTree = "<group>"; };
		6826EAF2163B8AE7838AA650 /* Pods_MindsetTests.framework */ = {isa = PBXFileReference; explicitFileType = wrapper.framework; includeInIndex = 0; path = Pods_MindsetTests.framework; sourceTree = BUILT_PRODUCTS_DIR; };
		81DFB4CF1B056CCFE241A2A9 /* Pods-Mindset.debug.xcconfig */ = {isa = PBXFileReference; includeInIndex = 1; lastKnownFileType = text.xcconfig; name = "Pods-Mindset.debug.xcconfig"; path = "Pods/Target Support Files/Pods-Mindset/Pods-Mindset.debug.xcconfig"; sourceTree = "<group>"; };
		CE0374DC4A8DF62C402658DC /* Pods-MindsetTests.debug.xcconfig */ = {isa = PBXFileReference; includeInIndex = 1; lastKnownFileType = text.xcconfig; name = "Pods-MindsetTests.debug.xcconfig"; path = "Pods/Target Support Files/Pods-MindsetTests/Pods-MindsetTests.debug.xcconfig"; sourceTree = "<group>"; };
		F5BD14FB242A8A704C4D4A32 /* Pods_Mindset.framework */ = {isa = PBXFileReference; explicitFileType = wrapper.framework; includeInIndex = 0; path = Pods_Mindset.framework; sourceTree = BUILT_PRODUCTS_DIR; };
/* End PBXFileReference section */

/* Begin PBXFrameworksBuildPhase section */
		1A6861D11D8DBFF800FC9E3A /* Frameworks */ = {
			isa = PBXFrameworksBuildPhase;
			buildActionMask = 2147483647;
			files = (
				C70681F80D88FC1E8B70FAA9 /* Pods_Mindset.framework in Frameworks */,
			);
			runOnlyForDeploymentPostprocessing = 0;
		};
		1A6861E51D8DBFF800FC9E3A /* Frameworks */ = {
			isa = PBXFrameworksBuildPhase;
			buildActionMask = 2147483647;
			files = (
				34E8635FEA3F1BA4891C919F /* Pods_MindsetTests.framework in Frameworks */,
			);
			runOnlyForDeploymentPostprocessing = 0;
		};
/* End PBXFrameworksBuildPhase section */

/* Begin PBXGroup section */
		1A1032761DA178A5008963DB /* Form */ = {
			isa = PBXGroup;
			children = (
				1A1032771DA178A5008963DB /* FormActionListener.swift */,
				1A1032781DA178A5008963DB /* FormDatabase.swift */,
				1A1032791DA178A5008963DB /* FormDisplayer.swift */,
				1A10327A1DA178A5008963DB /* FormPresenter.swift */,
				1A10327B1DA178A5008963DB /* FormService.swift */,
				1A10327C1DA178A5008963DB /* Models */,
			);
			path = Form;
			sourceTree = "<group>";
		};
		1A10327C1DA178A5008963DB /* Models */ = {
			isa = PBXGroup;
			children = (
				1A10327D1DA178A5008963DB /* Form.swift */,
				1A10327E1DA178A5008963DB /* Item.swift */,
				1A10327F1DA178A5008963DB /* Step.swift */,
			);
			path = Models;
			sourceTree = "<group>";
		};
		1A1032881DA178BF008963DB /* Record */ = {
			isa = PBXGroup;
			children = (
				1A1032891DA178BF008963DB /* RecordEntry.swift */,
				1A10328A1DA178BF008963DB /* RecordResponse.swift */,
				1A9110D41DAABB9D004B35F7 /* RecordDatabase.swift */,
			);
			path = Record;
			sourceTree = "<group>";
		};
		1A10328D1DA17904008963DB /* Form */ = {
			isa = PBXGroup;
			children = (
				1A10328E1DA17904008963DB /* LocalFormService.swift */,
				1A10328F1DA17904008963DB /* ResearchKitFormLayoutGenerator.swift */,
				1A1032A31DA18149008963DB /* RecordToORKConverters.swift */,
			);
			path = Form;
			sourceTree = "<group>";
		};
		1A1032901DA17904008963DB /* Home */ = {
			isa = PBXGroup;
			children = (
				1A1032911DA17904008963DB /* HomeView.swift */,
				1A1032921DA17904008963DB /* HomeViewController.swift */,
			);
			path = Home;
			sourceTree = "<group>";
		};
		1A1032931DA17904008963DB /* Navigator */ = {
			isa = PBXGroup;
			children = (
				1A1032941DA17904008963DB /* AppNavigator.swift */,
			);
			path = Navigator;
			sourceTree = "<group>";
		};
		1A10329A1DA1792D008963DB /* Form */ = {
			isa = PBXGroup;
			children = (
				1A10329B1DA1792D008963DB /* FormTests.swift */,
				1A10329C1DA1792D008963DB /* ItemTests.swift */,
				1A10329D1DA1792D008963DB /* StepTests.swift */,
				1A10329E1DA1792D008963DB /* ThoughtRecordTests.swift */,
			);
			path = Form;
			sourceTree = "<group>";
		};
		1A1032A71DA18184008963DB /* ORKConverters */ = {
			isa = PBXGroup;
			children = (
				1A1032A91DA181DB008963DB /* ORKFormItemTests.swift */,
				1A1032AB1DA19E9E008963DB /* ORKFormStepTests.swift */,
				1A1032AD1DA387BE008963DB /* ORKFormTaskTests.swift */,
			);
			name = ORKConverters;
			sourceTree = "<group>";
		};
		1A6861CB1D8DBFF800FC9E3A = {
			isa = PBXGroup;
			children = (
				1A6861D61D8DBFF800FC9E3A /* Mindset */,
				1A6861EB1D8DBFF800FC9E3A /* MindsetTests */,
				1A6861D51D8DBFF800FC9E3A /* Products */,
				AD4BD40514F14A414510B654 /* Pods */,
				7A7A2F893F7C4E44C5A3B9D0 /* Frameworks */,
			);
			sourceTree = "<group>";
		};
		1A6861D51D8DBFF800FC9E3A /* Products */ = {
			isa = PBXGroup;
			children = (
				1A6861D41D8DBFF800FC9E3A /* Mindset.app */,
				1A6861E81D8DBFF800FC9E3A /* MindsetTests.xctest */,
			);
			name = Products;
			sourceTree = "<group>";
		};
		1A6861D61D8DBFF800FC9E3A /* Mindset */ = {
			isa = PBXGroup;
			children = (
				1A6861FA1D8DC16E00FC9E3A /* Core */,
				1A6861FB1D8DC16E00FC9E3A /* Mobile */,
			);
			path = Mindset;
			sourceTree = "<group>";
		};
		1A6861EB1D8DBFF800FC9E3A /* MindsetTests */ = {
			isa = PBXGroup;
			children = (
				1A1032A71DA18184008963DB /* ORKConverters */,
				1A10329A1DA1792D008963DB /* Form */,
				1A6861EE1D8DBFF800FC9E3A /* Info.plist */,
			);
			path = MindsetTests;
			sourceTree = "<group>";
		};
		1A6861FA1D8DC16E00FC9E3A /* Core */ = {
			isa = PBXGroup;
			children = (
				1A2C22F51D9689D90051E9F6 /* ConvenienceStuff.swift */,
				1A1032661DA120F9008963DB /* Navigator.swift */,
				1A1032881DA178BF008963DB /* Record */,
				1A1032761DA178A5008963DB /* Form */,
			);
			path = Core;
			sourceTree = "<group>";
		};
		1A6861FB1D8DC16E00FC9E3A /* Mobile */ = {
			isa = PBXGroup;
			children = (
				1A9110D31DAAB8CA004B35F7 /* RealmDB */,
				1A10328D1DA17904008963DB /* Form */,
				1A1032901DA17904008963DB /* Home */,
				1A1032931DA17904008963DB /* Navigator */,
				1A6861FC1D8DC16E00FC9E3A /* Resources */,
				1A6861FE1D8DC16E00FC9E3A /* SupportingFiles */,
			);
			path = Mobile;
			sourceTree = "<group>";
		};
		1A6861FC1D8DC16E00FC9E3A /* Resources */ = {
			isa = PBXGroup;
			children = (
				1A6861FD1D8DC16E00FC9E3A /* Assets.xcassets */,
				1A2C22F91D969A9E0051E9F6 /* thought-record.json */,
			);
			path = Resources;
			sourceTree = "<group>";
		};
		1A6861FE1D8DC16E00FC9E3A /* SupportingFiles */ = {
			isa = PBXGroup;
			children = (
				1A6861FF1D8DC16E00FC9E3A /* AppDelegate.swift */,
				1A6862001D8DC16E00FC9E3A /* LaunchScreen.storyboard */,
				1A6862021D8DC16E00FC9E3A /* Info.plist */,
				1A1032681DA146E2008963DB /* SharedServices.swift */,
			);
			path = SupportingFiles;
			sourceTree = "<group>";
		};
		1A9110D31DAAB8CA004B35F7 /* RealmDB */ = {
			isa = PBXGroup;
			children = (
			);
			path = RealmDB;
			sourceTree = "<group>";
		};
		7A7A2F893F7C4E44C5A3B9D0 /* Frameworks */ = {
			isa = PBXGroup;
			children = (
				F5BD14FB242A8A704C4D4A32 /* Pods_Mindset.framework */,
				6826EAF2163B8AE7838AA650 /* Pods_MindsetTests.framework */,
			);
			name = Frameworks;
			sourceTree = "<group>";
		};
		AD4BD40514F14A414510B654 /* Pods */ = {
			isa = PBXGroup;
			children = (
				81DFB4CF1B056CCFE241A2A9 /* Pods-Mindset.debug.xcconfig */,
				519BFAD084CC7D56668B0243 /* Pods-Mindset.release.xcconfig */,
				CE0374DC4A8DF62C402658DC /* Pods-MindsetTests.debug.xcconfig */,
				141C0915227EA9A01C2F1BD1 /* Pods-MindsetTests.release.xcconfig */,
			);
			name = Pods;
			sourceTree = "<group>";
		};
/* End PBXGroup section */

/* Begin PBXNativeTarget section */
		1A6861D31D8DBFF800FC9E3A /* Mindset */ = {
			isa = PBXNativeTarget;
			buildConfigurationList = 1A6861F11D8DBFF800FC9E3A /* Build configuration list for PBXNativeTarget "Mindset" */;
			buildPhases = (
				4DC6DDD0F1CA7D09C3F25B17 /* [CP] Check Pods Manifest.lock */,
				1A6861D01D8DBFF800FC9E3A /* Sources */,
				1A6861D11D8DBFF800FC9E3A /* Frameworks */,
				1A6861D21D8DBFF800FC9E3A /* Resources */,
				03956D48D450539DE0A57833 /* [CP] Embed Pods Frameworks */,
				F8B796A26DA57754561D57CD /* [CP] Copy Pods Resources */,
			);
			buildRules = (
			);
			dependencies = (
			);
			name = Mindset;
			productName = Mindset;
			productReference = 1A6861D41D8DBFF800FC9E3A /* Mindset.app */;
			productType = "com.apple.product-type.application";
		};
		1A6861E71D8DBFF800FC9E3A /* MindsetTests */ = {
			isa = PBXNativeTarget;
			buildConfigurationList = 1A6861F41D8DBFF800FC9E3A /* Build configuration list for PBXNativeTarget "MindsetTests" */;
			buildPhases = (
				3F12C7611EA615885F756E39 /* [CP] Check Pods Manifest.lock */,
				1A6861E41D8DBFF800FC9E3A /* Sources */,
				1A6861E51D8DBFF800FC9E3A /* Frameworks */,
				1A6861E61D8DBFF800FC9E3A /* Resources */,
				5F432366958552258F1F03E2 /* [CP] Embed Pods Frameworks */,
				55F768DEB94FE1DFC67DA18C /* [CP] Copy Pods Resources */,
			);
			buildRules = (
			);
			dependencies = (
				1A6861EA1D8DBFF800FC9E3A /* PBXTargetDependency */,
			);
			name = MindsetTests;
			productName = MindsetTests;
			productReference = 1A6861E81D8DBFF800FC9E3A /* MindsetTests.xctest */;
			productType = "com.apple.product-type.bundle.unit-test";
		};
/* End PBXNativeTarget section */

/* Begin PBXProject section */
		1A6861CC1D8DBFF800FC9E3A /* Project object */ = {
			isa = PBXProject;
			attributes = {
				LastSwiftUpdateCheck = 0800;
				LastUpgradeCheck = 0800;
				ORGANIZATIONNAME = ThoughtRecord;
				TargetAttributes = {
					1A6861D31D8DBFF800FC9E3A = {
						CreatedOnToolsVersion = 8.0;
						DevelopmentTeam = 7G3A26J9W9;
						ProvisioningStyle = Automatic;
					};
					1A6861E71D8DBFF800FC9E3A = {
						CreatedOnToolsVersion = 8.0;
						DevelopmentTeam = 7G3A26J9W9;
						ProvisioningStyle = Automatic;
						TestTargetID = 1A6861D31D8DBFF800FC9E3A;
					};
				};
			};
			buildConfigurationList = 1A6861CF1D8DBFF800FC9E3A /* Build configuration list for PBXProject "Mindset" */;
			compatibilityVersion = "Xcode 3.2";
			developmentRegion = English;
			hasScannedForEncodings = 0;
			knownRegions = (
				en,
				Base,
			);
			mainGroup = 1A6861CB1D8DBFF800FC9E3A;
			productRefGroup = 1A6861D51D8DBFF800FC9E3A /* Products */;
			projectDirPath = "";
			projectRoot = "";
			targets = (
				1A6861D31D8DBFF800FC9E3A /* Mindset */,
				1A6861E71D8DBFF800FC9E3A /* MindsetTests */,
			);
		};
/* End PBXProject section */

/* Begin PBXResourcesBuildPhase section */
		1A6861D21D8DBFF800FC9E3A /* Resources */ = {
			isa = PBXResourcesBuildPhase;
			buildActionMask = 2147483647;
			files = (
				1A2C22FA1D969A9E0051E9F6 /* thought-record.json in Resources */,
				1A6862031D8DC16E00FC9E3A /* Assets.xcassets in Resources */,
				1A6862051D8DC16E00FC9E3A /* LaunchScreen.storyboard in Resources */,
				1A6862061D8DC16E00FC9E3A /* Info.plist in Resources */,
			);
			runOnlyForDeploymentPostprocessing = 0;
		};
		1A6861E61D8DBFF800FC9E3A /* Resources */ = {
			isa = PBXResourcesBuildPhase;
			buildActionMask = 2147483647;
			files = (
				1A2C22FB1D969EF80051E9F6 /* thought-record.json in Resources */,
			);
			runOnlyForDeploymentPostprocessing = 0;
		};
/* End PBXResourcesBuildPhase section */

/* Begin PBXShellScriptBuildPhase section */
		03956D48D450539DE0A57833 /* [CP] Embed Pods Frameworks */ = {
			isa = PBXShellScriptBuildPhase;
			buildActionMask = 2147483647;
			files = (
			);
			inputPaths = (
			);
			name = "[CP] Embed Pods Frameworks";
			outputPaths = (
			);
			runOnlyForDeploymentPostprocessing = 0;
			shellPath = /bin/sh;
			shellScript = "\"${SRCROOT}/Pods/Target Support Files/Pods-Mindset/Pods-Mindset-frameworks.sh\"\n";
			showEnvVarsInLog = 0;
		};
		3F12C7611EA615885F756E39 /* [CP] Check Pods Manifest.lock */ = {
			isa = PBXShellScriptBuildPhase;
			buildActionMask = 2147483647;
			files = (
			);
			inputPaths = (
			);
			name = "[CP] Check Pods Manifest.lock";
			outputPaths = (
			);
			runOnlyForDeploymentPostprocessing = 0;
			shellPath = /bin/sh;
			shellScript = "diff \"${PODS_ROOT}/../Podfile.lock\" \"${PODS_ROOT}/Manifest.lock\" > /dev/null\nif [[ $? != 0 ]] ; then\n    cat << EOM\nerror: The sandbox is not in sync with the Podfile.lock. Run 'pod install' or update your CocoaPods installation.\nEOM\n    exit 1\nfi\n";
			showEnvVarsInLog = 0;
		};
		4DC6DDD0F1CA7D09C3F25B17 /* [CP] Check Pods Manifest.lock */ = {
			isa = PBXShellScriptBuildPhase;
			buildActionMask = 2147483647;
			files = (
			);
			inputPaths = (
			);
			name = "[CP] Check Pods Manifest.lock";
			outputPaths = (
			);
			runOnlyForDeploymentPostprocessing = 0;
			shellPath = /bin/sh;
			shellScript = "diff \"${PODS_ROOT}/../Podfile.lock\" \"${PODS_ROOT}/Manifest.lock\" > /dev/null\nif [[ $? != 0 ]] ; then\n    cat << EOM\nerror: The sandbox is not in sync with the Podfile.lock. Run 'pod install' or update your CocoaPods installation.\nEOM\n    exit 1\nfi\n";
			showEnvVarsInLog = 0;
		};
		55F768DEB94FE1DFC67DA18C /* [CP] Copy Pods Resources */ = {
			isa = PBXShellScriptBuildPhase;
			buildActionMask = 2147483647;
			files = (
			);
			inputPaths = (
			);
			name = "[CP] Copy Pods Resources";
			outputPaths = (
			);
			runOnlyForDeploymentPostprocessing = 0;
			shellPath = /bin/sh;
			shellScript = "\"${SRCROOT}/Pods/Target Support Files/Pods-MindsetTests/Pods-MindsetTests-resources.sh\"\n";
			showEnvVarsInLog = 0;
		};
		5F432366958552258F1F03E2 /* [CP] Embed Pods Frameworks */ = {
			isa = PBXShellScriptBuildPhase;
			buildActionMask = 2147483647;
			files = (
			);
			inputPaths = (
			);
			name = "[CP] Embed Pods Frameworks";
			outputPaths = (
			);
			runOnlyForDeploymentPostprocessing = 0;
			shellPath = /bin/sh;
			shellScript = "\"${SRCROOT}/Pods/Target Support Files/Pods-MindsetTests/Pods-MindsetTests-frameworks.sh\"\n";
			showEnvVarsInLog = 0;
		};
		F8B796A26DA57754561D57CD /* [CP] Copy Pods Resources */ = {
			isa = PBXShellScriptBuildPhase;
			buildActionMask = 2147483647;
			files = (
			);
			inputPaths = (
			);
			name = "[CP] Copy Pods Resources";
			outputPaths = (
			);
			runOnlyForDeploymentPostprocessing = 0;
			shellPath = /bin/sh;
			shellScript = "\"${SRCROOT}/Pods/Target Support Files/Pods-Mindset/Pods-Mindset-resources.sh\"\n";
			showEnvVarsInLog = 0;
		};
/* End PBXShellScriptBuildPhase section */

/* Begin PBXSourcesBuildPhase section */
		1A6861D01D8DBFF800FC9E3A /* Sources */ = {
			isa = PBXSourcesBuildPhase;
			buildActionMask = 2147483647;
			files = (
				1A2C22F61D9689D90051E9F6 /* ConvenienceStuff.swift in Sources */,
				1A1032831DA178A5008963DB /* FormPresenter.swift in Sources */,
				1A10328C1DA178BF008963DB /* RecordResponse.swift in Sources */,
				1A1032871DA178A5008963DB /* Step.swift in Sources */,
				1A1032991DA17904008963DB /* AppNavigator.swift in Sources */,
				1A9110D51DAABB9D004B35F7 /* RecordDatabase.swift in Sources */,
				1A1032851DA178A5008963DB /* Form.swift in Sources */,
				1A1032981DA17904008963DB /* HomeViewController.swift in Sources */,
				1A1032A41DA18149008963DB /* RecordToORKConverters.swift in Sources */,
				1A1032971DA17904008963DB /* HomeView.swift in Sources */,
				1A1032671DA120F9008963DB /* Navigator.swift in Sources */,
				1A1032861DA178A5008963DB /* Item.swift in Sources */,
				1A6862041D8DC16E00FC9E3A /* AppDelegate.swift in Sources */,
				1A1032821DA178A5008963DB /* FormDisplayer.swift in Sources */,
				1A1032841DA178A5008963DB /* FormService.swift in Sources */,
				1A1032691DA146E2008963DB /* SharedServices.swift in Sources */,
				1A10328B1DA178BF008963DB /* RecordEntry.swift in Sources */,
				1A1032951DA17904008963DB /* LocalFormService.swift in Sources */,
				1A1032961DA17904008963DB /* ResearchKitFormLayoutGenerator.swift in Sources */,
				1A1032801DA178A5008963DB /* FormActionListener.swift in Sources */,
				1A1032811DA178A5008963DB /* FormDatabase.swift in Sources */,
			);
			runOnlyForDeploymentPostprocessing = 0;
		};
		1A6861E41D8DBFF800FC9E3A /* Sources */ = {
			isa = PBXSourcesBuildPhase;
			buildActionMask = 2147483647;
			files = (
				1A1032AC1DA19E9E008963DB /* ORKFormStepTests.swift in Sources */,
				1A1032AE1DA387BE008963DB /* ORKFormTaskTests.swift in Sources */,
				1A1032A21DA1792D008963DB /* ThoughtRecordTests.swift in Sources */,
				1A1032AA1DA181DB008963DB /* ORKFormItemTests.swift in Sources */,
				1A1032A11DA1792D008963DB /* StepTests.swift in Sources */,
				1A1032A01DA1792D008963DB /* ItemTests.swift in Sources */,
				1A10329F1DA1792D008963DB /* FormTests.swift in Sources */,
			);
			runOnlyForDeploymentPostprocessing = 0;
		};
/* End PBXSourcesBuildPhase section */

/* Begin PBXTargetDependency section */
		1A6861EA1D8DBFF800FC9E3A /* PBXTargetDependency */ = {
			isa = PBXTargetDependency;
			target = 1A6861D31D8DBFF800FC9E3A /* Mindset */;
			targetProxy = 1A6861E91D8DBFF800FC9E3A /* PBXContainerItemProxy */;
		};
/* End PBXTargetDependency section */

/* Begin PBXVariantGroup section */
		1A6862001D8DC16E00FC9E3A /* LaunchScreen.storyboard */ = {
			isa = PBXVariantGroup;
			children = (
				1A6862011D8DC16E00FC9E3A /* Base */,
			);
			name = LaunchScreen.storyboard;
			sourceTree = "<group>";
		};
/* End PBXVariantGroup section */

/* Begin XCBuildConfiguration section */
		1A6861EF1D8DBFF800FC9E3A /* Debug */ = {
			isa = XCBuildConfiguration;
			buildSettings = {
				ALWAYS_SEARCH_USER_PATHS = NO;
				CLANG_ANALYZER_NONNULL = YES;
				CLANG_CXX_LANGUAGE_STANDARD = "gnu++0x";
				CLANG_CXX_LIBRARY = "libc++";
				CLANG_ENABLE_MODULES = YES;
				CLANG_ENABLE_OBJC_ARC = YES;
				CLANG_WARN_BOOL_CONVERSION = YES;
				CLANG_WARN_CONSTANT_CONVERSION = YES;
				CLANG_WARN_DIRECT_OBJC_ISA_USAGE = YES_ERROR;
				CLANG_WARN_DOCUMENTATION_COMMENTS = YES;
				CLANG_WARN_EMPTY_BODY = YES;
				CLANG_WARN_ENUM_CONVERSION = YES;
				CLANG_WARN_INFINITE_RECURSION = YES;
				CLANG_WARN_INT_CONVERSION = YES;
				CLANG_WARN_OBJC_ROOT_CLASS = YES_ERROR;
				CLANG_WARN_SUSPICIOUS_MOVES = YES;
				CLANG_WARN_UNREACHABLE_CODE = YES;
				CLANG_WARN__DUPLICATE_METHOD_MATCH = YES;
				"CODE_SIGN_IDENTITY[sdk=iphoneos*]" = "iPhone Developer";
				COPY_PHASE_STRIP = NO;
				DEBUG_INFORMATION_FORMAT = dwarf;
				ENABLE_STRICT_OBJC_MSGSEND = YES;
				ENABLE_TESTABILITY = YES;
				GCC_C_LANGUAGE_STANDARD = gnu99;
				GCC_DYNAMIC_NO_PIC = NO;
				GCC_NO_COMMON_BLOCKS = YES;
				GCC_OPTIMIZATION_LEVEL = 0;
				GCC_PREPROCESSOR_DEFINITIONS = (
					"DEBUG=1",
					"$(inherited)",
				);
				GCC_WARN_64_TO_32_BIT_CONVERSION = YES;
				GCC_WARN_ABOUT_RETURN_TYPE = YES_ERROR;
				GCC_WARN_UNDECLARED_SELECTOR = YES;
				GCC_WARN_UNINITIALIZED_AUTOS = YES_AGGRESSIVE;
				GCC_WARN_UNUSED_FUNCTION = YES;
				GCC_WARN_UNUSED_VARIABLE = YES;
				IPHONEOS_DEPLOYMENT_TARGET = 10.0;
				MTL_ENABLE_DEBUG_INFO = YES;
				ONLY_ACTIVE_ARCH = YES;
				SDKROOT = iphoneos;
				SWIFT_ACTIVE_COMPILATION_CONDITIONS = DEBUG;
				SWIFT_OPTIMIZATION_LEVEL = "-Onone";
				TARGETED_DEVICE_FAMILY = "1,2";
			};
			name = Debug;
		};
		1A6861F01D8DBFF800FC9E3A /* Release */ = {
			isa = XCBuildConfiguration;
			buildSettings = {
				ALWAYS_SEARCH_USER_PATHS = NO;
				CLANG_ANALYZER_NONNULL = YES;
				CLANG_CXX_LANGUAGE_STANDARD = "gnu++0x";
				CLANG_CXX_LIBRARY = "libc++";
				CLANG_ENABLE_MODULES = YES;
				CLANG_ENABLE_OBJC_ARC = YES;
				CLANG_WARN_BOOL_CONVERSION = YES;
				CLANG_WARN_CONSTANT_CONVERSION = YES;
				CLANG_WARN_DIRECT_OBJC_ISA_USAGE = YES_ERROR;
				CLANG_WARN_DOCUMENTATION_COMMENTS = YES;
				CLANG_WARN_EMPTY_BODY = YES;
				CLANG_WARN_ENUM_CONVERSION = YES;
				CLANG_WARN_INFINITE_RECURSION = YES;
				CLANG_WARN_INT_CONVERSION = YES;
				CLANG_WARN_OBJC_ROOT_CLASS = YES_ERROR;
				CLANG_WARN_SUSPICIOUS_MOVES = YES;
				CLANG_WARN_UNREACHABLE_CODE = YES;
				CLANG_WARN__DUPLICATE_METHOD_MATCH = YES;
				"CODE_SIGN_IDENTITY[sdk=iphoneos*]" = "iPhone Developer";
				COPY_PHASE_STRIP = NO;
				DEBUG_INFORMATION_FORMAT = "dwarf-with-dsym";
				ENABLE_NS_ASSERTIONS = NO;
				ENABLE_STRICT_OBJC_MSGSEND = YES;
				GCC_C_LANGUAGE_STANDARD = gnu99;
				GCC_NO_COMMON_BLOCKS = YES;
				GCC_WARN_64_TO_32_BIT_CONVERSION = YES;
				GCC_WARN_ABOUT_RETURN_TYPE = YES_ERROR;
				GCC_WARN_UNDECLARED_SELECTOR = YES;
				GCC_WARN_UNINITIALIZED_AUTOS = YES_AGGRESSIVE;
				GCC_WARN_UNUSED_FUNCTION = YES;
				GCC_WARN_UNUSED_VARIABLE = YES;
				IPHONEOS_DEPLOYMENT_TARGET = 10.0;
				MTL_ENABLE_DEBUG_INFO = NO;
				SDKROOT = iphoneos;
				SWIFT_OPTIMIZATION_LEVEL = "-Owholemodule";
				TARGETED_DEVICE_FAMILY = "1,2";
				VALIDATE_PRODUCT = YES;
			};
			name = Release;
		};
		1A6861F21D8DBFF800FC9E3A /* Debug */ = {
			isa = XCBuildConfiguration;
			baseConfigurationReference = 81DFB4CF1B056CCFE241A2A9 /* Pods-Mindset.debug.xcconfig */;
			buildSettings = {
				ASSETCATALOG_COMPILER_APPICON_NAME = AppIcon;
				DEVELOPMENT_TEAM = 7G3A26J9W9;
				INFOPLIST_FILE = "$(SRCROOT)/Mindset/Mobile/SupportingFiles/Info.plist";
				LD_RUNPATH_SEARCH_PATHS = "$(inherited) @executable_path/Frameworks";
				PRODUCT_BUNDLE_IDENTIFIER = com.ThoughtRecord.Mindset;
				PRODUCT_NAME = "$(TARGET_NAME)";
				SWIFT_VERSION = 3.0;
			};
			name = Debug;
		};
		1A6861F31D8DBFF800FC9E3A /* Release */ = {
			isa = XCBuildConfiguration;
			baseConfigurationReference = 519BFAD084CC7D56668B0243 /* Pods-Mindset.release.xcconfig */;
			buildSettings = {
				ASSETCATALOG_COMPILER_APPICON_NAME = AppIcon;
				DEVELOPMENT_TEAM = 7G3A26J9W9;
				INFOPLIST_FILE = "$(SRCROOT)/Mindset/Mobile/SupportingFiles/Info.plist";
				LD_RUNPATH_SEARCH_PATHS = "$(inherited) @executable_path/Frameworks";
				PRODUCT_BUNDLE_IDENTIFIER = com.ThoughtRecord.Mindset;
				PRODUCT_NAME = "$(TARGET_NAME)";
				SWIFT_VERSION = 3.0;
			};
			name = Release;
		};
		1A6861F51D8DBFF800FC9E3A /* Debug */ = {
			isa = XCBuildConfiguration;
			baseConfigurationReference = CE0374DC4A8DF62C402658DC /* Pods-MindsetTests.debug.xcconfig */;
			buildSettings = {
				ALWAYS_EMBED_SWIFT_STANDARD_LIBRARIES = YES;
				BUNDLE_LOADER = "$(TEST_HOST)";
				DEVELOPMENT_TEAM = 7G3A26J9W9;
				INFOPLIST_FILE = MindsetTests/Info.plist;
				LD_RUNPATH_SEARCH_PATHS = "$(inherited) @executable_path/Frameworks @loader_path/Frameworks";
				PRODUCT_BUNDLE_IDENTIFIER = com.ThoughtRecord.MindsetTests;
				PRODUCT_NAME = "$(TARGET_NAME)";
				SWIFT_VERSION = 3.0;
				TEST_HOST = "$(BUILT_PRODUCTS_DIR)/Mindset.app/Mindset";
			};
			name = Debug;
		};
		1A6861F61D8DBFF800FC9E3A /* Release */ = {
			isa = XCBuildConfiguration;
			baseConfigurationReference = 141C0915227EA9A01C2F1BD1 /* Pods-MindsetTests.release.xcconfig */;
			buildSettings = {
				ALWAYS_EMBED_SWIFT_STANDARD_LIBRARIES = YES;
				BUNDLE_LOADER = "$(TEST_HOST)";
				DEVELOPMENT_TEAM = 7G3A26J9W9;
				INFOPLIST_FILE = MindsetTests/Info.plist;
				LD_RUNPATH_SEARCH_PATHS = "$(inherited) @executable_path/Frameworks @loader_path/Frameworks";
				PRODUCT_BUNDLE_IDENTIFIER = com.ThoughtRecord.MindsetTests;
				PRODUCT_NAME = "$(TARGET_NAME)";
				SWIFT_VERSION = 3.0;
				TEST_HOST = "$(BUILT_PRODUCTS_DIR)/Mindset.app/Mindset";
			};
			name = Release;
		};
/* End XCBuildConfiguration section */

/* Begin XCConfigurationList section */
		1A6861CF1D8DBFF800FC9E3A /* Build configuration list for PBXProject "Mindset" */ = {
			isa = XCConfigurationList;
			buildConfigurations = (
				1A6861EF1D8DBFF800FC9E3A /* Debug */,
				1A6861F01D8DBFF800FC9E3A /* Release */,
			);
			defaultConfigurationIsVisible = 0;
			defaultConfigurationName = Release;
		};
		1A6861F11D8DBFF800FC9E3A /* Build configuration list for PBXNativeTarget "Mindset" */ = {
			isa = XCConfigurationList;
			buildConfigurations = (
				1A6861F21D8DBFF800FC9E3A /* Debug */,
				1A6861F31D8DBFF800FC9E3A /* Release */,
			);
			defaultConfigurationIsVisible = 0;
			defaultConfigurationName = Release;
		};
		1A6861F41D8DBFF800FC9E3A /* Build configuration list for PBXNativeTarget "MindsetTests" */ = {
			isa = XCConfigurationList;
			buildConfigurations = (
				1A6861F51D8DBFF800FC9E3A /* Debug */,
				1A6861F61D8DBFF800FC9E3A /* Release */,
			);
			defaultConfigurationIsVisible = 0;
			defaultConfigurationName = Release;
		};
/* End XCConfigurationList section */
	};
	rootObject = 1A6861CC1D8DBFF800FC9E3A /* Project object */;
}
